
Microsoft Visual Studio Solution File, Format Version 12.00
# Visual Studio 2012
Project("{FAE04EC0-301F-11D3-BF4B-00C04F79EFBC}") = "LearningCode", "LearningCode\LearningCode.csproj", "{6B5E45A0-A1D8-4E49-9D47-805883FEC2CD}"
EndProject
Project("{FAE04EC0-301F-11D3-BF4B-00C04F79EFBC}") = "Chapter2", "Chapter2\Chapter2.csproj", "{6220FBA2-4DA2-4DEF-AA50-FDC57ED3F460}"
EndProject
Global
	GlobalSection(SolutionConfigurationPlatforms) = preSolution
		Debug|Any CPU = Debug|Any CPU
		Release|Any CPU = Release|Any CPU
	EndGlobalSection
	GlobalSection(ProjectConfigurationPlatforms) = postSolution
		{6B5E45A0-A1D8-4E49-9D47-805883FEC2CD}.Debug|Any CPU.ActiveCfg = Debug|Any CPU
		{6B5E45A0-A1D8-4E49-9D47-805883FEC2CD}.Debug|Any CPU.Build.0 = Debug|Any CPU
		{6B5E45A0-A1D8-4E49-9D47-805883FEC2CD}.Release|Any CPU.ActiveCfg = Release|Any CPU
		{6B5E45A0-A1D8-4E49-9D47-805883FEC2CD}.Release|Any CPU.Build.0 = Release|Any CPU
		{6220FBA2-4DA2-4DEF-AA50-FDC57ED3F460}.Debug|Any CPU.ActiveCfg = Debug|Any CPU
		{6220FBA2-4DA2-4DEF-AA50-FDC57ED3F460}.Debug|Any CPU.Build.0 = Debug|Any CPU
		{6220FBA2-4DA2-4DEF-AA50-FDC57ED3F460}.Release|Any CPU.ActiveCfg = Release|Any CPU
		{6220FBA2-4DA2-4DEF-AA50-FDC57ED3F460}.Release|Any CPU.Build.0 = Release|Any CPU
	EndGlobalSection
	GlobalSection(SolutionProperties) = preSolution
		HideSolutionNode = FALSE
	EndGlobalSection
EndGlobal
